
Microsoft Visual Studio Solution File, Format Version 12.00
# Visual Studio Version 17
VisualStudioVersion = 17.9.34616.47
MinimumVisualStudioVersion = 10.0.40219.1
Project("{FAE04EC0-301F-11D3-BF4B-00C04F79EFBC}") = "Inheritance", "Inheritance.csproj", "{85491304-639E-4DB7-B13B-1AE4ABA582E6}"
EndProject
Global
	GlobalSection(SolutionConfigurationPlatforms) = preSolution
		Debug|Any CPU = Debug|Any CPU
		Release|Any CPU = Release|Any CPU
	EndGlobalSection
	GlobalSection(ProjectConfigurationPlatforms) = postSolution
		{85491304-639E-4DB7-B13B-1AE4ABA582E6}.Debug|Any CPU.ActiveCfg = Debug|Any CPU
		{85491304-639E-4DB7-B13B-1AE4ABA582E6}.Debug|Any CPU.Build.0 = Debug|Any CPU
		{85491304-639E-4DB7-B13B-1AE4ABA582E6}.Release|Any CPU.ActiveCfg = Release|Any CPU
		{85491304-639E-4DB7-B13B-1AE4ABA582E6}.Release|Any CPU.Build.0 = Release|Any CPU
	EndGlobalSection
	GlobalSection(SolutionProperties) = preSolution
		HideSolutionNode = FALSE
	EndGlobalSection
	GlobalSection(ExtensibilityGlobals) = postSolution
		SolutionGuid = {CF5ECEDA-5614-4248-A9AE-D260725F3959}
	EndGlobalSection
EndGlobal
